{
  "name": "project-project-43",
  "lockfileVersion": 3,
  "requires": true,
  "packages": {
    "": {
      "dependencies": {
        "pina": "^0.20.2204228"
      }
    },
    "node_modules/pina": {
      "version": "0.20.2204228",
      "resolved": "https://registry.npmjs.org/pina/-/pina-0.20.2204228.tgz",
      "integrity": "sha512-osNVZg36DsDAEPHskmnTINhM5APSLsu+y8guYYX65nidbRPmnv/trAoPnacpfh8aCpsowGWR/DAYtQHZyZq8wQ=="
    }
  }
}
